// !$*UTF8*$!
{
	archiveVersion = 1;
	classes = {
	};
	objectVersion = 46;
	objects = {

/* Begin PBXBuildFile section */
		8FC06C121A7932ED0088DCAC /* main.swift in Sources */ = {isa = PBXBuildFile; fileRef = 8FC06C111A7932ED0088DCAC /* main.swift */; };
		8FC06C1B1A7933260088DCAC /* JFWSwiftExceptionBridge.m in Sources */ = {isa = PBXBuildFile; fileRef = 8FC06C1A1A7933260088DCAC /* JFWSwiftExceptionBridge.m */; settings = {COMPILER_FLAGS = "-fobjc-arc-exceptions"; }; };
/* End PBXBuildFile section */

/* Begin PBXCopyFilesBuildPhase section */
		8FC06C0C1A7932ED0088DCAC /* CopyFiles */ = {
			isa = PBXCopyFilesBuildPhase;
			buildActionMask = 2147483647;
			dstPath = /usr/share/man/man1/;
			dstSubfolderSpec = 0;
			files = (
			);
			runOnlyForDeploymentPostprocessing = 1;
		};
/* End PBXCopyFilesBuildPhase section */

/* Begin PBXFileReference section */
		8FC06C0E1A7932ED0088DCAC /* SwiftExceptionBridge */ = {isa = PBXFileReference; explicitFileType = "compiled.mach-o.executable"; includeInIndex = 0; path = SwiftExceptionBridge; sourceTree = BUILT_PRODUCTS_DIR; };
		8FC06C111A7932ED0088DCAC /* main.swift */ = {isa = PBXFileReference; lastKnownFileType = sourcecode.swift; path = main.swift; sourceTree = "<group>"; };
		8FC06C181A7933250088DCAC /* SwiftExceptionBridge-Bridging-Header.h */ = {isa = PBXFileReference; lastKnownFileType = sourcecode.c.h; path = "SwiftExceptionBridge-Bridging-Header.h"; sourceTree = "<group>"; };
		8FC06C191A7933260088DCAC /* JFWSwiftExceptionBridge.h */ = {isa = PBXFileReference; fileEncoding = 4; lastKnownFileType = sourcecode.c.h; path = JFWSwiftExceptionBridge.h; sourceTree = "<group>"; };
		8FC06C1A1A7933260088DCAC /* JFWSwiftExceptionBridge.m */ = {isa = PBXFileReference; fileEncoding = 4; lastKnownFileType = sourcecode.c.objc; path = JFWSwiftExceptionBridge.m; sourceTree = "<group>"; };
/* End PBXFileReference section */

/* Begin PBXFrameworksBuildPhase section */
		8FC06C0B1A7932ED0088DCAC /* Frameworks */ = {
			isa = PBXFrameworksBuildPhase;
			buildActionMask = 2147483647;
			files = (
			);
			runOnlyForDeploymentPostprocessing = 0;
		};
/* End PBXFrameworksBuildPhase section */

/* Begin PBXGroup section */
		8FC06C051A7932ED0088DCAC = {
			isa = PBXGroup;
			children = (
				8FC06C101A7932ED0088DCAC /* SwiftExceptionBridge */,
				8FC06C0F1A7932ED0088DCAC /* Products */,
			);
			sourceTree = "<group>";
		};
		8FC06C0F1A7932ED0088DCAC /* Products */ = {
			isa = PBXGroup;
			children = (
				8FC06C0E1A7932ED0088DCAC /* SwiftExceptionBridge */,
			);
			name = Products;
			sourceTree = "<group>";
		};
		8FC06C101A7932ED0088DCAC /* SwiftExceptionBridge */ = {
			isa = PBXGroup;
			children = (
				8FC06C111A7932ED0088DCAC /* main.swift */,
				8FC06C191A7933260088DCAC /* JFWSwiftExceptionBridge.h */,
				8FC06C1A1A7933260088DCAC /* JFWSwiftExceptionBridge.m */,
				8FC06C181A7933250088DCAC /* SwiftExceptionBridge-Bridging-Header.h */,
			);
			path = SwiftExceptionBridge;
			sourceTree = "<group>";
		};
/* End PBXGroup section */

/* Begin PBXNativeTarget section */
		8FC06C0D1A7932ED0088DCAC /* SwiftExceptionBridge */ = {
			isa = PBXNativeTarget;
			buildConfigurationList = 8FC06C151A7932ED0088DCAC /* Build configuration list for PBXNativeTarget "SwiftExceptionBridge" */;
			buildPhases = (
				8FC06C0A1A7932ED0088DCAC /* Sources */,
				8FC06C0B1A7932ED0088DCAC /* Frameworks */,
				8FC06C0C1A7932ED0088DCAC /* CopyFiles */,
			);
			buildRules = (
			);
			dependencies = (
			);
			name = SwiftExceptionBridge;
			productName = SwiftExceptionBridge;
			productReference = 8FC06C0E1A7932ED0088DCAC /* SwiftExceptionBridge */;
			productType = "com.apple.product-type.tool";
		};
/* End PBXNativeTarget section */

/* Begin PBXProject section */
		8FC06C061A7932ED0088DCAC /* Project object */ = {
			isa = PBXProject;
			attributes = {
				LastUpgradeCheck = 0610;
				ORGANIZATIONNAME = "Johannes Weiß";
				TargetAttributes = {
					8FC06C0D1A7932ED0088DCAC = {
						CreatedOnToolsVersion = 6.1.1;
					};
				};
			};
			buildConfigurationList = 8FC06C091A7932ED0088DCAC /* Build configuration list for PBXProject "SwiftExceptionBridge" */;
			compatibilityVersion = "Xcode 3.2";
			developmentRegion = English;
			hasScannedForEncodings = 0;
			knownRegions = (
				en,
			);
			mainGroup = 8FC06C051A7932ED0088DCAC;
			productRefGroup = 8FC06C0F1A7932ED0088DCAC /* Products */;
			projectDirPath = "";
			projectRoot = "";
			targets = (
				8FC06C0D1A7932ED0088DCAC /* SwiftExceptionBridge */,
			);
		};
/* End PBXProject section */

/* Begin PBXSourcesBuildPhase section */
		8FC06C0A1A7932ED0088DCAC /* Sources */ = {
			isa = PBXSourcesBuildPhase;
			buildActionMask = 2147483647;
			files = (
				8FC06C1B1A7933260088DCAC /* JFWSwiftExceptionBridge.m in Sources */,
				8FC06C121A7932ED0088DCAC /* main.swift in Sources */,
			);
			runOnlyForDeploymentPostprocessing = 0;
		};
/* End PBXSourcesBuildPhase section */

/* Begin XCBuildConfiguration section */
		8FC06C131A7932ED0088DCAC /* Debug */ = {
			isa = XCBuildConfiguration;
			buildSettings = {
				ALWAYS_SEARCH_USER_PATHS = NO;
				CLANG_CXX_LANGUAGE_STANDARD = "gnu++0x";
				CLANG_CXX_LIBRARY = "libc++";
				CLANG_ENABLE_MODULES = YES;
				CLANG_ENABLE_OBJC_ARC = YES;
				CLANG_WARN_BOOL_CONVERSION = YES;
				CLANG_WARN_CONSTANT_CONVERSION = YES;
				CLANG_WARN_DIRECT_OBJC_ISA_USAGE = YES_ERROR;
				CLANG_WARN_EMPTY_BODY = YES;
				CLANG_WARN_ENUM_CONVERSION = YES;
				CLANG_WARN_INT_CONVERSION = YES;
				CLANG_WARN_OBJC_ROOT_CLASS = YES_ERROR;
				CLANG_WARN_UNREACHABLE_CODE = YES;
				CLANG_WARN__DUPLICATE_METHOD_MATCH = YES;
				COPY_PHASE_STRIP = NO;
				ENABLE_STRICT_OBJC_MSGSEND = YES;
				GCC_C_LANGUAGE_STANDARD = gnu99;
				GCC_DYNAMIC_NO_PIC = NO;
				GCC_OPTIMIZATION_LEVEL = 0;
				GCC_PREPROCESSOR_DEFINITIONS = (
					"DEBUG=1",
					"$(inherited)",
				);
				GCC_SYMBOLS_PRIVATE_EXTERN = NO;
				GCC_WARN_64_TO_32_BIT_CONVERSION = YES;
				GCC_WARN_ABOUT_RETURN_TYPE = YES_ERROR;
				GCC_WARN_UNDECLARED_SELECTOR = YES;
				GCC_WARN_UNINITIALIZED_AUTOS = YES_AGGRESSIVE;
				GCC_WARN_UNUSED_FUNCTION = YES;
				GCC_WARN_UNUSED_VARIABLE = YES;
				MACOSX_DEPLOYMENT_TARGET = 10.10;
				MTL_ENABLE_DEBUG_INFO = YES;
				ONLY_ACTIVE_ARCH = YES;
				SDKROOT = macosx;
				SWIFT_OPTIMIZATION_LEVEL = "-Onone";
			};
			name = Debug;
		};
		8FC06C141A7932ED0088DCAC /* Release */ = {
			isa = XCBuildConfiguration;
			buildSettings = {
				ALWAYS_SEARCH_USER_PATHS = NO;
				CLANG_CXX_LANGUAGE_STANDARD = "gnu++0x";
				CLANG_CXX_LIBRARY = "libc++";
				CLANG_ENABLE_MODULES = YES;
				CLANG_ENABLE_OBJC_ARC = YES;
				CLANG_WARN_BOOL_CONVERSION = YES;
				CLANG_WARN_CONSTANT_CONVERSION = YES;
				CLANG_WARN_DIRECT_OBJC_ISA_USAGE = YES_ERROR;
				CLANG_WARN_EMPTY_BODY = YES;
				CLANG_WARN_ENUM_CONVERSION = YES;
				CLANG_WARN_INT_CONVERSION = YES;
				CLANG_WARN_OBJC_ROOT_CLASS = YES_ERROR;
				CLANG_WARN_UNREACHABLE_CODE = YES;
				CLANG_WARN__DUPLICATE_METHOD_MATCH = YES;
				COPY_PHASE_STRIP = YES;
				DEBUG_INFORMATION_FORMAT = "dwarf-with-dsym";
				ENABLE_NS_ASSERTIONS = NO;
				ENABLE_STRICT_OBJC_MSGSEND = YES;
				GCC_C_LANGUAGE_STANDARD = gnu99;
				GCC_WARN_64_TO_32_BIT_CONVERSION = YES;
				GCC_WARN_ABOUT_RETURN_TYPE = YES_ERROR;
				GCC_WARN_UNDECLARED_SELECTOR = YES;
				GCC_WARN_UNINITIALIZED_AUTOS = YES_AGGRESSIVE;
				GCC_WARN_UNUSED_FUNCTION = YES;
				GCC_WARN_UNUSED_VARIABLE = YES;
				MACOSX_DEPLOYMENT_TARGET = 10.10;
				MTL_ENABLE_DEBUG_INFO = NO;
				SDKROOT = macosx;
			};
			name = Release;
		};
		8FC06C161A7932ED0088DCAC /* Debug */ = {
			isa = XCBuildConfiguration;
			buildSettings = {
				CLANG_ENABLE_MODULES = YES;
				LD_RUNPATH_SEARCH_PATHS = "$(inherited) @executable_path/../Frameworks @loader_path/../Frameworks";
				PRODUCT_NAME = "$(TARGET_NAME)";
				SWIFT_OBJC_BRIDGING_HEADER = "SwiftExceptionBridge/SwiftExceptionBridge-Bridging-Header.h";
				SWIFT_OPTIMIZATION_LEVEL = "-Onone";
			};
			name = Debug;
		};
		8FC06C171A7932ED0088DCAC /* Release */ = {
			isa = XCBuildConfiguration;
			buildSettings = {
				CLANG_ENABLE_MODULES = YES;
				LD_RUNPATH_SEARCH_PATHS = "$(inherited) @executable_path/../Frameworks @loader_path/../Frameworks";
				PRODUCT_NAME = "$(TARGET_NAME)";
				SWIFT_OBJC_BRIDGING_HEADER = "SwiftExceptionBridge/SwiftExceptionBridge-Bridging-Header.h";
			};
			name = Release;
		};
/* End XCBuildConfiguration section */

/* Begin XCConfigurationList section */
		8FC06C091A7932ED0088DCAC /* Build configuration list for PBXProject "SwiftExceptionBridge" */ = {
			isa = XCConfigurationList;
			buildConfigurations = (
				8FC06C131A7932ED0088DCAC /* Debug */,
				8FC06C141A7932ED0088DCAC /* Release */,
			);
			defaultConfigurationIsVisible = 0;
			defaultConfigurationName = Release;
		};
		8FC06C151A7932ED0088DCAC /* Build configuration list for PBXNativeTarget "SwiftExceptionBridge" */ = {
			isa = XCConfigurationList;
			buildConfigurations = (
				8FC06C161A7932ED0088DCAC /* Debug */,
				8FC06C171A7932ED0088DCAC /* Release */,
			);
			defaultConfigurationIsVisible = 0;
		};
/* End XCConfigurationList section */
	};
	rootObject = 8FC06C061A7932ED0088DCAC /* Project object */;
}
